
Microsoft Visual Studio Solution File, Format Version 12.00
# Visual Studio Version 17
VisualStudioVersion = 17.5.33424.131
MinimumVisualStudioVersion = 10.0.40219.1
Project("{2150E333-8FDC-42A3-9474-1A3956D46DE8}") = "Kidega", "Kidega", "{FE445054-32F1-4DA4-A0A2-93F667660195}"
EndProject
Project("{9A19103F-16F7-4668-BE54-9A1E7A4F7556}") = "Kidega.Web", "Kidega\Kidega.Web\Kidega.Web.csproj", "{5F3FCF36-6C3B-4352-AE62-01B561C53C34}"
EndProject
Project("{9A19103F-16F7-4668-BE54-9A1E7A4F7556}") = "Kidega.Domain", "Kidega\Kidega.Domain\Kidega.Domain.csproj", "{34BA5F02-F34B-49D6-924D-011D2A262446}"
EndProject
Project("{9A19103F-16F7-4668-BE54-9A1E7A4F7556}") = "Kidega.Infrastructure", "Kidega\Kidega.Infrastructure\Kidega.Infrastructure.csproj", "{3790F95C-E34B-4984-A84D-E06C6188E032}"
EndProject
Project("{9A19103F-16F7-4668-BE54-9A1E7A4F7556}") = "Kidega.Core", "Kidega\Kidega.Core\Kidega.Core.csproj", "{86055709-6FEB-4362-9932-754D9924C46E}"
EndProject
Global
	GlobalSection(SolutionConfigurationPlatforms) = preSolution
		Debug|Any CPU = Debug|Any CPU
		Release|Any CPU = Release|Any CPU
	EndGlobalSection
	GlobalSection(ProjectConfigurationPlatforms) = postSolution
		{5F3FCF36-6C3B-4352-AE62-01B561C53C34}.Debug|Any CPU.ActiveCfg = Debug|Any CPU
		{5F3FCF36-6C3B-4352-AE62-01B561C53C34}.Debug|Any CPU.Build.0 = Debug|Any CPU
		{5F3FCF36-6C3B-4352-AE62-01B561C53C34}.Release|Any CPU.ActiveCfg = Release|Any CPU
		{5F3FCF36-6C3B-4352-AE62-01B561C53C34}.Release|Any CPU.Build.0 = Release|Any CPU
		{34BA5F02-F34B-49D6-924D-011D2A262446}.Debug|Any CPU.ActiveCfg = Debug|Any CPU
		{34BA5F02-F34B-49D6-924D-011D2A262446}.Debug|Any CPU.Build.0 = Debug|Any CPU
		{34BA5F02-F34B-49D6-924D-011D2A262446}.Release|Any CPU.ActiveCfg = Release|Any CPU
		{34BA5F02-F34B-49D6-924D-011D2A262446}.Release|Any CPU.Build.0 = Release|Any CPU
		{3790F95C-E34B-4984-A84D-E06C6188E032}.Debug|Any CPU.ActiveCfg = Debug|Any CPU
		{3790F95C-E34B-4984-A84D-E06C6188E032}.Debug|Any CPU.Build.0 = Debug|Any CPU
		{3790F95C-E34B-4984-A84D-E06C6188E032}.Release|Any CPU.ActiveCfg = Release|Any CPU
		{3790F95C-E34B-4984-A84D-E06C6188E032}.Release|Any CPU.Build.0 = Release|Any CPU
		{86055709-6FEB-4362-9932-754D9924C46E}.Debug|Any CPU.ActiveCfg = Debug|Any CPU
		{86055709-6FEB-4362-9932-754D9924C46E}.Debug|Any CPU.Build.0 = Debug|Any CPU
		{86055709-6FEB-4362-9932-754D9924C46E}.Release|Any CPU.ActiveCfg = Release|Any CPU
		{86055709-6FEB-4362-9932-754D9924C46E}.Release|Any CPU.Build.0 = Release|Any CPU
	EndGlobalSection
	GlobalSection(SolutionProperties) = preSolution
		HideSolutionNode = FALSE
	EndGlobalSection
	GlobalSection(NestedProjects) = preSolution
		{5F3FCF36-6C3B-4352-AE62-01B561C53C34} = {FE445054-32F1-4DA4-A0A2-93F667660195}
		{34BA5F02-F34B-49D6-924D-011D2A262446} = {FE445054-32F1-4DA4-A0A2-93F667660195}
		{3790F95C-E34B-4984-A84D-E06C6188E032} = {FE445054-32F1-4DA4-A0A2-93F667660195}
		{86055709-6FEB-4362-9932-754D9924C46E} = {FE445054-32F1-4DA4-A0A2-93F667660195}
	EndGlobalSection
	GlobalSection(ExtensibilityGlobals) = postSolution
		SolutionGuid = {1EFF4332-0522-44A0-A500-4515EFFCB357}
	EndGlobalSection
EndGlobal
