
Microsoft Visual Studio Solution File, Format Version 12.00
# Visual Studio Version 17
VisualStudioVersion = 17.5.33424.131
MinimumVisualStudioVersion = 10.0.40219.1
Project("{9A19103F-16F7-4668-BE54-9A1E7A4F7556}") = "HW1", "HW1\HW1.csproj", "{8A12E333-00BE-4D17-8587-9B992E8E3EB6}"
EndProject
Project("{9A19103F-16F7-4668-BE54-9A1E7A4F7556}") = "HW2", "HW2\HW2.csproj", "{388E79B3-AD99-4D0D-B404-4EA2EEA7A946}"
EndProject
Project("{9A19103F-16F7-4668-BE54-9A1E7A4F7556}") = "HW3", "HW3\HW3.csproj", "{2FF3BA5A-AA35-47A2-87AB-A6CB9D2708BF}"
EndProject
Project("{FAE04EC0-301F-11D3-BF4B-00C04F79EFBC}") = "SRP", "SRP\SRP.csproj", "{46E85C49-8936-40DA-A477-62F6036216A7}"
EndProject
Global
	GlobalSection(SolutionConfigurationPlatforms) = preSolution
		Debug|Any CPU = Debug|Any CPU
		Release|Any CPU = Release|Any CPU
	EndGlobalSection
	GlobalSection(ProjectConfigurationPlatforms) = postSolution
		{8A12E333-00BE-4D17-8587-9B992E8E3EB6}.Debug|Any CPU.ActiveCfg = Debug|Any CPU
		{8A12E333-00BE-4D17-8587-9B992E8E3EB6}.Debug|Any CPU.Build.0 = Debug|Any CPU
		{8A12E333-00BE-4D17-8587-9B992E8E3EB6}.Release|Any CPU.ActiveCfg = Release|Any CPU
		{8A12E333-00BE-4D17-8587-9B992E8E3EB6}.Release|Any CPU.Build.0 = Release|Any CPU
		{388E79B3-AD99-4D0D-B404-4EA2EEA7A946}.Debug|Any CPU.ActiveCfg = Debug|Any CPU
		{388E79B3-AD99-4D0D-B404-4EA2EEA7A946}.Debug|Any CPU.Build.0 = Debug|Any CPU
		{388E79B3-AD99-4D0D-B404-4EA2EEA7A946}.Release|Any CPU.ActiveCfg = Release|Any CPU
		{388E79B3-AD99-4D0D-B404-4EA2EEA7A946}.Release|Any CPU.Build.0 = Release|Any CPU
		{2FF3BA5A-AA35-47A2-87AB-A6CB9D2708BF}.Debug|Any CPU.ActiveCfg = Debug|Any CPU
		{2FF3BA5A-AA35-47A2-87AB-A6CB9D2708BF}.Debug|Any CPU.Build.0 = Debug|Any CPU
		{2FF3BA5A-AA35-47A2-87AB-A6CB9D2708BF}.Release|Any CPU.ActiveCfg = Release|Any CPU
		{2FF3BA5A-AA35-47A2-87AB-A6CB9D2708BF}.Release|Any CPU.Build.0 = Release|Any CPU
		{46E85C49-8936-40DA-A477-62F6036216A7}.Debug|Any CPU.ActiveCfg = Debug|Any CPU
		{46E85C49-8936-40DA-A477-62F6036216A7}.Debug|Any CPU.Build.0 = Debug|Any CPU
		{46E85C49-8936-40DA-A477-62F6036216A7}.Release|Any CPU.ActiveCfg = Release|Any CPU
		{46E85C49-8936-40DA-A477-62F6036216A7}.Release|Any CPU.Build.0 = Release|Any CPU
	EndGlobalSection
	GlobalSection(SolutionProperties) = preSolution
		HideSolutionNode = FALSE
	EndGlobalSection
	GlobalSection(ExtensibilityGlobals) = postSolution
		SolutionGuid = {1EFF4332-0522-44A0-A500-4515EFFCB357}
	EndGlobalSection
EndGlobal
