
Microsoft Visual Studio Solution File, Format Version 12.00
# Visual Studio Version 17
VisualStudioVersion = 17.5.33424.131
MinimumVisualStudioVersion = 10.0.40219.1
Project("{2150E333-8FDC-42A3-9474-1A3956D46DE8}") = "SOLID", "SOLID", "{7A042BA2-C388-4AD0-ACDB-55DBDB7947C1}"
EndProject
Project("{9A19103F-16F7-4668-BE54-9A1E7A4F7556}") = "HW_HighSchool", "HW_HighSchool\HW_HighSchool.csproj", "{6B1129EA-04E3-4276-AC20-9644A4A4104B}"
EndProject
Project("{2150E333-8FDC-42A3-9474-1A3956D46DE8}") = "Basics", "Basics", "{258730EA-48C9-4689-B93D-55B83C19AF87}"
EndProject
Project("{9A19103F-16F7-4668-BE54-9A1E7A4F7556}") = "SRP", "SOLID Principles\SRP\SRP.csproj", "{3E87428D-2997-477C-A244-9330C097B4BB}"
EndProject
Project("{9A19103F-16F7-4668-BE54-9A1E7A4F7556}") = "OCP", "SOLID Principles\OCP\OCP.csproj", "{C510B139-CD22-4997-BFDF-CA7FF9CD8746}"
EndProject
Project("{9A19103F-16F7-4668-BE54-9A1E7A4F7556}") = "LiskovSubstitution", "SOLID Principles\LiskovSubstitution\LiskovSubstitution.csproj", "{2367D3F1-67FF-43DC-8899-2B4378D5CE84}"
EndProject
Project("{9A19103F-16F7-4668-BE54-9A1E7A4F7556}") = "HW1", "C# Basics\HW1\HW1.csproj", "{3E906D6D-ED40-4513-BCBC-F5268D2DF9D8}"
EndProject
Project("{9A19103F-16F7-4668-BE54-9A1E7A4F7556}") = "HW2", "C# Basics\HW2\HW2.csproj", "{28D5CA8F-41C7-434B-8625-527C0E384B24}"
EndProject
Project("{9A19103F-16F7-4668-BE54-9A1E7A4F7556}") = "HW3", "C# Basics\HW3\HW3.csproj", "{537153D0-9E1F-468C-A75C-127FA16CF8D5}"
EndProject
Project("{2150E333-8FDC-42A3-9474-1A3956D46DE8}") = "Researches", "Researches", "{EA43034E-C361-46E8-912E-ACE2362D4A9A}"
EndProject
Project("{9A19103F-16F7-4668-BE54-9A1E7A4F7556}") = "PKCE_Flow", "Researches\PKCE_Flow\PKCE_Flow.csproj", "{C3F56948-6811-45CF-8371-7F28BA259A46}"
EndProject
Project("{9A19103F-16F7-4668-BE54-9A1E7A4F7556}") = "HangFire_WebAPI", "Researches\HangFire_WebAPI\HangFire_WebAPI.csproj", "{8B8D29C3-4994-4ABF-86AB-A6E75BCD6A49}"
EndProject
Global
	GlobalSection(SolutionConfigurationPlatforms) = preSolution
		Debug|Any CPU = Debug|Any CPU
		Release|Any CPU = Release|Any CPU
	EndGlobalSection
	GlobalSection(ProjectConfigurationPlatforms) = postSolution
		{6B1129EA-04E3-4276-AC20-9644A4A4104B}.Debug|Any CPU.ActiveCfg = Debug|Any CPU
		{6B1129EA-04E3-4276-AC20-9644A4A4104B}.Debug|Any CPU.Build.0 = Debug|Any CPU
		{6B1129EA-04E3-4276-AC20-9644A4A4104B}.Release|Any CPU.ActiveCfg = Release|Any CPU
		{6B1129EA-04E3-4276-AC20-9644A4A4104B}.Release|Any CPU.Build.0 = Release|Any CPU
		{3E87428D-2997-477C-A244-9330C097B4BB}.Debug|Any CPU.ActiveCfg = Debug|Any CPU
		{3E87428D-2997-477C-A244-9330C097B4BB}.Debug|Any CPU.Build.0 = Debug|Any CPU
		{3E87428D-2997-477C-A244-9330C097B4BB}.Release|Any CPU.ActiveCfg = Release|Any CPU
		{3E87428D-2997-477C-A244-9330C097B4BB}.Release|Any CPU.Build.0 = Release|Any CPU
		{C510B139-CD22-4997-BFDF-CA7FF9CD8746}.Debug|Any CPU.ActiveCfg = Debug|Any CPU
		{C510B139-CD22-4997-BFDF-CA7FF9CD8746}.Debug|Any CPU.Build.0 = Debug|Any CPU
		{C510B139-CD22-4997-BFDF-CA7FF9CD8746}.Release|Any CPU.ActiveCfg = Release|Any CPU
		{C510B139-CD22-4997-BFDF-CA7FF9CD8746}.Release|Any CPU.Build.0 = Release|Any CPU
		{2367D3F1-67FF-43DC-8899-2B4378D5CE84}.Debug|Any CPU.ActiveCfg = Debug|Any CPU
		{2367D3F1-67FF-43DC-8899-2B4378D5CE84}.Debug|Any CPU.Build.0 = Debug|Any CPU
		{2367D3F1-67FF-43DC-8899-2B4378D5CE84}.Release|Any CPU.ActiveCfg = Release|Any CPU
		{2367D3F1-67FF-43DC-8899-2B4378D5CE84}.Release|Any CPU.Build.0 = Release|Any CPU
		{3E906D6D-ED40-4513-BCBC-F5268D2DF9D8}.Debug|Any CPU.ActiveCfg = Debug|Any CPU
		{3E906D6D-ED40-4513-BCBC-F5268D2DF9D8}.Debug|Any CPU.Build.0 = Debug|Any CPU
		{3E906D6D-ED40-4513-BCBC-F5268D2DF9D8}.Release|Any CPU.ActiveCfg = Release|Any CPU
		{3E906D6D-ED40-4513-BCBC-F5268D2DF9D8}.Release|Any CPU.Build.0 = Release|Any CPU
		{28D5CA8F-41C7-434B-8625-527C0E384B24}.Debug|Any CPU.ActiveCfg = Debug|Any CPU
		{28D5CA8F-41C7-434B-8625-527C0E384B24}.Debug|Any CPU.Build.0 = Debug|Any CPU
		{28D5CA8F-41C7-434B-8625-527C0E384B24}.Release|Any CPU.ActiveCfg = Release|Any CPU
		{28D5CA8F-41C7-434B-8625-527C0E384B24}.Release|Any CPU.Build.0 = Release|Any CPU
		{537153D0-9E1F-468C-A75C-127FA16CF8D5}.Debug|Any CPU.ActiveCfg = Debug|Any CPU
		{537153D0-9E1F-468C-A75C-127FA16CF8D5}.Debug|Any CPU.Build.0 = Debug|Any CPU
		{537153D0-9E1F-468C-A75C-127FA16CF8D5}.Release|Any CPU.ActiveCfg = Release|Any CPU
		{537153D0-9E1F-468C-A75C-127FA16CF8D5}.Release|Any CPU.Build.0 = Release|Any CPU
		{C3F56948-6811-45CF-8371-7F28BA259A46}.Debug|Any CPU.ActiveCfg = Debug|Any CPU
		{C3F56948-6811-45CF-8371-7F28BA259A46}.Debug|Any CPU.Build.0 = Debug|Any CPU
		{C3F56948-6811-45CF-8371-7F28BA259A46}.Release|Any CPU.ActiveCfg = Release|Any CPU
		{C3F56948-6811-45CF-8371-7F28BA259A46}.Release|Any CPU.Build.0 = Release|Any CPU
		{8B8D29C3-4994-4ABF-86AB-A6E75BCD6A49}.Debug|Any CPU.ActiveCfg = Debug|Any CPU
		{8B8D29C3-4994-4ABF-86AB-A6E75BCD6A49}.Debug|Any CPU.Build.0 = Debug|Any CPU
		{8B8D29C3-4994-4ABF-86AB-A6E75BCD6A49}.Release|Any CPU.ActiveCfg = Release|Any CPU
		{8B8D29C3-4994-4ABF-86AB-A6E75BCD6A49}.Release|Any CPU.Build.0 = Release|Any CPU
	EndGlobalSection
	GlobalSection(SolutionProperties) = preSolution
		HideSolutionNode = FALSE
	EndGlobalSection
	GlobalSection(NestedProjects) = preSolution
		{3E87428D-2997-477C-A244-9330C097B4BB} = {7A042BA2-C388-4AD0-ACDB-55DBDB7947C1}
		{C510B139-CD22-4997-BFDF-CA7FF9CD8746} = {7A042BA2-C388-4AD0-ACDB-55DBDB7947C1}
		{2367D3F1-67FF-43DC-8899-2B4378D5CE84} = {7A042BA2-C388-4AD0-ACDB-55DBDB7947C1}
		{3E906D6D-ED40-4513-BCBC-F5268D2DF9D8} = {258730EA-48C9-4689-B93D-55B83C19AF87}
		{28D5CA8F-41C7-434B-8625-527C0E384B24} = {258730EA-48C9-4689-B93D-55B83C19AF87}
		{537153D0-9E1F-468C-A75C-127FA16CF8D5} = {258730EA-48C9-4689-B93D-55B83C19AF87}
		{C3F56948-6811-45CF-8371-7F28BA259A46} = {EA43034E-C361-46E8-912E-ACE2362D4A9A}
		{8B8D29C3-4994-4ABF-86AB-A6E75BCD6A49} = {EA43034E-C361-46E8-912E-ACE2362D4A9A}
	EndGlobalSection
	GlobalSection(ExtensibilityGlobals) = postSolution
		SolutionGuid = {1EFF4332-0522-44A0-A500-4515EFFCB357}
	EndGlobalSection
EndGlobal
